{
  "name": "muni",
  "version": "1.0.0",
  "lockfileVersion": 1,
  "requires": true,
  "dependencies": {
    "@dillonchr/fetch": {
      "version": "1.0.1",
      "resolved": "https://registry.npmjs.org/@dillonchr/fetch/-/fetch-1.0.1.tgz",
      "integrity": "sha512-p6uHr19b5Sd4x6rImkU1285Q/fWo/QgamYDlVd1i6I7zJbYO/76wnRel9KcuJcGacyaR5Xw7MPy2GvVnB+HpNw=="
    },
    "moment": {
      "version": "2.24.0",
      "resolved": "https://registry.npmjs.org/moment/-/moment-2.24.0.tgz",
      "integrity": "sha512-bV7f+6l2QigeBBZSM/6yTNq4P2fNpSWj/0e7jQcy87A8e7o2nAfP/34/2ky5Vw4B9S446EtIhodAzkFCcR4dQg=="
    }
  }
}
