{
  "name": "muni",
  "version": "1.0.0",
  "lockfileVersion": 1,
  "requires": true,
  "dependencies": {
    "@dillonchr/fetch": {
      "version": "1.0.1",
      "resolved": "https://registry.npmjs.org/@dillonchr/fetch/-/fetch-1.0.1.tgz",
      "integrity": "sha512-p6uHr19b5Sd4x6rImkU1285Q/fWo/QgamYDlVd1i6I7zJbYO/76wnRel9KcuJcGacyaR5Xw7MPy2GvVnB+HpNw=="
    },
    "moment": {
      "version": "2.29.2",
      "resolved": "https://registry.npmjs.org/moment/-/moment-2.29.2.tgz",
      "integrity": "sha512-UgzG4rvxYpN15jgCmVJwac49h9ly9NurikMWGPdVxm8GZD6XjkKPxDTjQQ43gtGgnV3X0cAyWDdP2Wexoquifg=="
    }
  }
}
